
Microsoft Visual Studio Solution File, Format Version 12.00
# Visual Studio Version 17
Project("{8BC9CEB8-8B4A-11D0-8D11-00A0C91BC942}") = "GuidedMissile", "GuidedMissile.vcxproj", "{AD391B7A-19FA-96B0-E234-E02D4EB4DB8C}"
EndProject
Global
	GlobalSection(SolutionConfigurationPlatforms) = preSolution
		Release|x64 = Release|x64
	EndGlobalSection
	GlobalSection(ProjectConfigurationPlatforms) = postSolution
		{AD391B7A-19FA-96B0-E234-E02D4EB4DB8C}.Release|x64.ActiveCfg = Release|x64
		{AD391B7A-19FA-96B0-E234-E02D4EB4DB8C}.Release|x64.Build.0 = Release|x64
	EndGlobalSection
	GlobalSection(SolutionProperties) = preSolution
		HideSolutionNode = FALSE
	EndGlobalSection
EndGlobal
